
Microsoft Visual Studio Solution File, Format Version 12.00
# Visual Studio Version 16
VisualStudioVersion = 16.0.30204.135
MinimumVisualStudioVersion = 10.0.40219.1
Project("{8BC9CEB8-8B4A-11D0-8D11-00A0C91BC942}") = "WS03_P2", "WS03_P2.vcxproj", "{9441C64A-94C2-469F-BC3B-8837E207E29A}"
EndProject
Global
	GlobalSection(SolutionConfigurationPlatforms) = preSolution
		Debug|x64 = Debug|x64
		Debug|x86 = Debug|x86
		Release|x64 = Release|x64
		Release|x86 = Release|x86
	EndGlobalSection
	GlobalSection(ProjectConfigurationPlatforms) = postSolution
		{9441C64A-94C2-469F-BC3B-8837E207E29A}.Debug|x64.ActiveCfg = Debug|x64
		{9441C64A-94C2-469F-BC3B-8837E207E29A}.Debug|x64.Build.0 = Debug|x64
		{9441C64A-94C2-469F-BC3B-8837E207E29A}.Debug|x86.ActiveCfg = Debug|Win32
		{9441C64A-94C2-469F-BC3B-8837E207E29A}.Debug|x86.Build.0 = Debug|Win32
		{9441C64A-94C2-469F-BC3B-8837E207E29A}.Release|x64.ActiveCfg = Release|x64
		{9441C64A-94C2-469F-BC3B-8837E207E29A}.Release|x64.Build.0 = Release|x64
		{9441C64A-94C2-469F-BC3B-8837E207E29A}.Release|x86.ActiveCfg = Release|Win32
		{9441C64A-94C2-469F-BC3B-8837E207E29A}.Release|x86.Build.0 = Release|Win32
	EndGlobalSection
	GlobalSection(SolutionProperties) = preSolution
		HideSolutionNode = FALSE
	EndGlobalSection
	GlobalSection(ExtensibilityGlobals) = postSolution
		SolutionGuid = {C03ED325-E14E-4648-9722-AD46E97FE502}
	EndGlobalSection
EndGlobal
